
Microsoft Visual Studio Solution File, Format Version 12.00
# Visual Studio Version 16
VisualStudioVersion = 16.0.30717.126
MinimumVisualStudioVersion = 10.0.40219.1
Project("{FAE04EC0-301F-11D3-BF4B-00C04F79EFBC}") = "StoreAPI", "StoreAPI.csproj", "{4BABB6D9-AD8C-4560-834E-0FA9B22CB495}"
EndProject
Global
	GlobalSection(SolutionConfigurationPlatforms) = preSolution
		Debug|Any CPU = Debug|Any CPU
		Release|Any CPU = Release|Any CPU
	EndGlobalSection
	GlobalSection(ProjectConfigurationPlatforms) = postSolution
		{4BABB6D9-AD8C-4560-834E-0FA9B22CB495}.Debug|Any CPU.ActiveCfg = Debug|Any CPU
		{4BABB6D9-AD8C-4560-834E-0FA9B22CB495}.Debug|Any CPU.Build.0 = Debug|Any CPU
		{4BABB6D9-AD8C-4560-834E-0FA9B22CB495}.Release|Any CPU.ActiveCfg = Release|Any CPU
		{4BABB6D9-AD8C-4560-834E-0FA9B22CB495}.Release|Any CPU.Build.0 = Release|Any CPU
	EndGlobalSection
	GlobalSection(SolutionProperties) = preSolution
		HideSolutionNode = FALSE
	EndGlobalSection
	GlobalSection(ExtensibilityGlobals) = postSolution
		SolutionGuid = {02665E77-FAC4-48C9-B250-31AF7276EEA7}
	EndGlobalSection
EndGlobal
